
Microsoft Visual Studio Solution File, Format Version 12.00
# Visual Studio Version 17
VisualStudioVersion = 17.5.002.0
MinimumVisualStudioVersion = 10.0.40219.1
Project("{9A19103F-16F7-4668-BE54-9A1E7A4F7556}") = "DDRandom", "DDRandom.csproj", "{9CFA989A-D5FC-4F7D-A25A-48919883D468}"
EndProject
Global
	GlobalSection(SolutionConfigurationPlatforms) = preSolution
		Debug|Any CPU = Debug|Any CPU
		Release|Any CPU = Release|Any CPU
	EndGlobalSection
	GlobalSection(ProjectConfigurationPlatforms) = postSolution
		{9CFA989A-D5FC-4F7D-A25A-48919883D468}.Debug|Any CPU.ActiveCfg = Debug|Any CPU
		{9CFA989A-D5FC-4F7D-A25A-48919883D468}.Debug|Any CPU.Build.0 = Debug|Any CPU
		{9CFA989A-D5FC-4F7D-A25A-48919883D468}.Release|Any CPU.ActiveCfg = Release|Any CPU
		{9CFA989A-D5FC-4F7D-A25A-48919883D468}.Release|Any CPU.Build.0 = Release|Any CPU
	EndGlobalSection
	GlobalSection(SolutionProperties) = preSolution
		HideSolutionNode = FALSE
	EndGlobalSection
	GlobalSection(ExtensibilityGlobals) = postSolution
		SolutionGuid = {3ABE1596-28A5-47F7-81EB-15A3FD3BCBF0}
	EndGlobalSection
EndGlobal
